
Microsoft Visual Studio Solution File, Format Version 12.00
# Visual Studio Version 17
VisualStudioVersion = 17.12.35527.113 d17.12
MinimumVisualStudioVersion = 10.0.40219.1
Project("{FAE04EC0-301F-11D3-BF4B-00C04F79EFBC}") = "Demo", "Demo\Demo.csproj", "{77A971E9-DE5C-41A6-B967-447AB70DC090}"
EndProject
Project("{FAE04EC0-301F-11D3-BF4B-00C04F79EFBC}") = "Common", "Common\Common.csproj", "{DAE9FECC-F07F-4BF7-84D2-8EC7668D5FDF}"
EndProject
Project("{FAE04EC0-301F-11D3-BF4B-00C04F79EFBC}") = "Assi 05", "Assi 05\Assi 05.csproj", "{474958C8-36BF-40E7-9DCC-AD1F0AB3DD9E}"
EndProject
Global
	GlobalSection(SolutionConfigurationPlatforms) = preSolution
		Debug|Any CPU = Debug|Any CPU
		Release|Any CPU = Release|Any CPU
	EndGlobalSection
	GlobalSection(ProjectConfigurationPlatforms) = postSolution
		{77A971E9-DE5C-41A6-B967-447AB70DC090}.Debug|Any CPU.ActiveCfg = Debug|Any CPU
		{77A971E9-DE5C-41A6-B967-447AB70DC090}.Debug|Any CPU.Build.0 = Debug|Any CPU
		{77A971E9-DE5C-41A6-B967-447AB70DC090}.Release|Any CPU.ActiveCfg = Release|Any CPU
		{77A971E9-DE5C-41A6-B967-447AB70DC090}.Release|Any CPU.Build.0 = Release|Any CPU
		{DAE9FECC-F07F-4BF7-84D2-8EC7668D5FDF}.Debug|Any CPU.ActiveCfg = Debug|Any CPU
		{DAE9FECC-F07F-4BF7-84D2-8EC7668D5FDF}.Debug|Any CPU.Build.0 = Debug|Any CPU
		{DAE9FECC-F07F-4BF7-84D2-8EC7668D5FDF}.Release|Any CPU.ActiveCfg = Release|Any CPU
		{DAE9FECC-F07F-4BF7-84D2-8EC7668D5FDF}.Release|Any CPU.Build.0 = Release|Any CPU
		{474958C8-36BF-40E7-9DCC-AD1F0AB3DD9E}.Debug|Any CPU.ActiveCfg = Debug|Any CPU
		{474958C8-36BF-40E7-9DCC-AD1F0AB3DD9E}.Debug|Any CPU.Build.0 = Debug|Any CPU
		{474958C8-36BF-40E7-9DCC-AD1F0AB3DD9E}.Release|Any CPU.ActiveCfg = Release|Any CPU
		{474958C8-36BF-40E7-9DCC-AD1F0AB3DD9E}.Release|Any CPU.Build.0 = Release|Any CPU
	EndGlobalSection
	GlobalSection(SolutionProperties) = preSolution
		HideSolutionNode = FALSE
	EndGlobalSection
EndGlobal
